{
    "name": "hyperappdemo",
    "version": "1.0.0",
    "lockfileVersion": 1,
    "dependencies": {
        "hyperapp": {
            "version": "0.9.3",
            "resolved": "https://r.cnpmjs.org/hyperapp/download/hyperapp-0.9.3.tgz",
            "integrity": "sha1-8mE8esBTDBQyPyIA6eS+h/84/7E="
        }
    }
}
